// !$*UTF8*$!
{
	archiveVersion = 1;
	classes = {
	};
	objectVersion = 50;
	objects = {

/* Begin PBXBuildFile section */
		18492693229A48BF00ED0D36 /* EditHistoryViewController.swift in Sources */ = {isa = PBXBuildFile; fileRef = 18492692229A48BF00ED0D36 /* EditHistoryViewController.swift */; };
		188A24FE22958B1700056730 /* libSwiftCSVExport.a in Frameworks */ = {isa = PBXBuildFile; fileRef = 188A24FD22958B1700056730 /* libSwiftCSVExport.a */; };
		18ED26E0225B447400025403 /* MyProfileViewController.swift in Sources */ = {isa = PBXBuildFile; fileRef = 18ED26DF225B447400025403 /* MyProfileViewController.swift */; };
		18ED26E2225B4CFC00025403 /* EditViewController.swift in Sources */ = {isa = PBXBuildFile; fileRef = 18ED26E1225B4CFC00025403 /* EditViewController.swift */; };
		615EB829B67D4D175620F2B0 /* libPods-BeNiMeiTests.a in Frameworks */ = {isa = PBXBuildFile; fileRef = DB7382D1501509D61E7365F1 /* libPods-BeNiMeiTests.a */; };
		663FC0CF222E68A20065A771 /* GoogleService-Info.plist in Resources */ = {isa = PBXBuildFile; fileRef = 663FC0CC222E68A20065A771 /* GoogleService-Info.plist */; };
		AB0FE70621F06517006EA2B4 /* HistoryViewController.swift in Sources */ = {isa = PBXBuildFile; fileRef = AB0FE70521F06517006EA2B4 /* HistoryViewController.swift */; };
		AB0FE70821F07648006EA2B4 /* CustomHistoryTableViewCell.swift in Sources */ = {isa = PBXBuildFile; fileRef = AB0FE70721F07648006EA2B4 /* CustomHistoryTableViewCell.swift */; };
		AB34234821E843EF00412BF4 /* CheckService.swift in Sources */ = {isa = PBXBuildFile; fileRef = AB34234721E843EF00412BF4 /* CheckService.swift */; };
		AB47F24E222840C500BA2946 /* SignUpViewController.swift in Sources */ = {isa = PBXBuildFile; fileRef = AB47F24D222840C500BA2946 /* SignUpViewController.swift */; };
		AB47F25022284B8800BA2946 /* LogInViewController.swift in Sources */ = {isa = PBXBuildFile; fileRef = AB47F24F22284B8800BA2946 /* LogInViewController.swift */; };
		AB4A353021FB0467001A75E8 /* AddItemViewController.swift in Sources */ = {isa = PBXBuildFile; fileRef = AB4A352F21FB0467001A75E8 /* AddItemViewController.swift */; };
		AB512D7221EF9348000EEC3C /* CustomCheckTableViewCell.swift in Sources */ = {isa = PBXBuildFile; fileRef = AB512D7121EF9348000EEC3C /* CustomCheckTableViewCell.swift */; };
		AB5F69A121F8AC6300B1DBBD /* ServiceCollectionViewCell.swift in Sources */ = {isa = PBXBuildFile; fileRef = AB5F69A021F8AC6300B1DBBD /* ServiceCollectionViewCell.swift */; };
		ABA9446A21E794A200E80706 /* CustomerInfo.swift in Sources */ = {isa = PBXBuildFile; fileRef = ABA9446921E794A200E80706 /* CustomerInfo.swift */; };
		ABB6A0E421FC6C6600EBC572 /* EditItemViewController.swift in Sources */ = {isa = PBXBuildFile; fileRef = ABB6A0E321FC6C6600EBC572 /* EditItemViewController.swift */; };
		ABB6A0E821FC86E800EBC572 /* EditItemTableViewCell.swift in Sources */ = {isa = PBXBuildFile; fileRef = ABB6A0E721FC86E800EBC572 /* EditItemTableViewCell.swift */; };
		ABC8896F2226FCF100A1D5E9 /* SatisfactionTableViewCell.swift in Sources */ = {isa = PBXBuildFile; fileRef = ABC8896E2226FCF100A1D5E9 /* SatisfactionTableViewCell.swift */; };
		ABC889712226FD4100A1D5E9 /* SatisfactionViewController.swift in Sources */ = {isa = PBXBuildFile; fileRef = ABC889702226FD4100A1D5E9 /* SatisfactionViewController.swift */; };
		ABECE1E621E135440011AB1D /* AppDelegate.swift in Sources */ = {isa = PBXBuildFile; fileRef = ABECE1E521E135440011AB1D /* AppDelegate.swift */; };
		ABECE1E821E135440011AB1D /* FirstViewController.swift in Sources */ = {isa = PBXBuildFile; fileRef = ABECE1E721E135440011AB1D /* FirstViewController.swift */; };
		ABECE1EA21E135440011AB1D /* SecondViewController.swift in Sources */ = {isa = PBXBuildFile; fileRef = ABECE1E921E135440011AB1D /* SecondViewController.swift */; };
		ABECE1ED21E135440011AB1D /* Main.storyboard in Resources */ = {isa = PBXBuildFile; fileRef = ABECE1EB21E135440011AB1D /* Main.storyboard */; };
		ABECE1EF21E135450011AB1D /* Assets.xcassets in Resources */ = {isa = PBXBuildFile; fileRef = ABECE1EE21E135450011AB1D /* Assets.xcassets */; };
		ABECE1F221E135450011AB1D /* LaunchScreen.storyboard in Resources */ = {isa = PBXBuildFile; fileRef = ABECE1F021E135450011AB1D /* LaunchScreen.storyboard */; };
		ABECE1FD21E135450011AB1D /* BeNiMeiTests.swift in Sources */ = {isa = PBXBuildFile; fileRef = ABECE1FC21E135450011AB1D /* BeNiMeiTests.swift */; };
		ABECE20821E135450011AB1D /* BeNiMeiUITests.swift in Sources */ = {isa = PBXBuildFile; fileRef = ABECE20721E135450011AB1D /* BeNiMeiUITests.swift */; };
		ABEEFB922226AD2E00EF8A01 /* StatisticsViewController.swift in Sources */ = {isa = PBXBuildFile; fileRef = ABEEFB912226AD2E00EF8A01 /* StatisticsViewController.swift */; };
		ABF37C8D2224FD8F006B91AA /* AddPerchaseCollectionViewCell.swift in Sources */ = {isa = PBXBuildFile; fileRef = ABF37C8C2224FD8F006B91AA /* AddPerchaseCollectionViewCell.swift */; };
		D0D304A3C67FC256B898CF25 /* libPods-BeNiMei.a in Frameworks */ = {isa = PBXBuildFile; fileRef = A0298AB0B249D64D43293B88 /* libPods-BeNiMei.a */; };
		E05D98A785D77F4EF701B7AB /* libPods-BeNiMeiUITests.a in Frameworks */ = {isa = PBXBuildFile; fileRef = 7465BE7CEA295D03383CDF4A /* libPods-BeNiMeiUITests.a */; };
/* End PBXBuildFile section */

/* Begin PBXContainerItemProxy section */
		66EF55C9222E607C00ADE79D /* PBXContainerItemProxy */ = {
			isa = PBXContainerItemProxy;
			containerPortal = 66EF55C4222E607B00ADE79D /* Charts.xcodeproj */;
			proxyType = 2;
			remoteGlobalIDString = 65AD9E95D9ED4DC0BD73A743;
			remoteInfo = Charts;
		};
		66EF55CB222E607C00ADE79D /* PBXContainerItemProxy */ = {
			isa = PBXContainerItemProxy;
			containerPortal = 66EF55C4222E607B00ADE79D /* Charts.xcodeproj */;
			proxyType = 2;
			remoteGlobalIDString = 1CBBC58C6CE1EBEE9852CE41;
			remoteInfo = ChartsTests;
		};
		ABECE1F921E135450011AB1D /* PBXContainerItemProxy */ = {
			isa = PBXContainerItemProxy;
			containerPortal = ABECE1DA21E135440011AB1D /* Project object */;
			proxyType = 1;
			remoteGlobalIDString = ABECE1E121E135440011AB1D;
			remoteInfo = BeNiMei;
		};
		ABECE20421E135450011AB1D /* PBXContainerItemProxy */ = {
			isa = PBXContainerItemProxy;
			containerPortal = ABECE1DA21E135440011AB1D /* Project object */;
			proxyType = 1;
			remoteGlobalIDString = ABECE1E121E135440011AB1D;
			remoteInfo = BeNiMei;
		};
/* End PBXContainerItemProxy section */

/* Begin PBXFileReference section */
		079B06393EEA9E726706059B /* Pods-BeNiMeiTests.release.xcconfig */ = {isa = PBXFileReference; includeInIndex = 1; lastKnownFileType = text.xcconfig; name = "Pods-BeNiMeiTests.release.xcconfig"; path = "Pods/Target Support Files/Pods-BeNiMeiTests/Pods-BeNiMeiTests.release.xcconfig"; sourceTree = "<group>"; };
		18492692229A48BF00ED0D36 /* EditHistoryViewController.swift */ = {isa = PBXFileReference; fileEncoding = 4; lastKnownFileType = sourcecode.swift; path = EditHistoryViewController.swift; sourceTree = "<group>"; };
		188A24FD22958B1700056730 /* libSwiftCSVExport.a */ = {isa = PBXFileReference; explicitFileType = archive.ar; path = libSwiftCSVExport.a; sourceTree = BUILT_PRODUCTS_DIR; };
		18B26B7E2230257C00406544 /* manifest.plist */ = {isa = PBXFileReference; lastKnownFileType = text.plist.xml; name = manifest.plist; path = ../manifest.plist; sourceTree = "<group>"; };
		18ED26DF225B447400025403 /* MyProfileViewController.swift */ = {isa = PBXFileReference; lastKnownFileType = sourcecode.swift; path = MyProfileViewController.swift; sourceTree = "<group>"; };
		18ED26E1225B4CFC00025403 /* EditViewController.swift */ = {isa = PBXFileReference; lastKnownFileType = sourcecode.swift; path = EditViewController.swift; sourceTree = "<group>"; };
		2A6DA26345289D3B46ECB3C6 /* Pods-BeNiMeiUITests.release.xcconfig */ = {isa = PBXFileReference; includeInIndex = 1; lastKnownFileType = text.xcconfig; name = "Pods-BeNiMeiUITests.release.xcconfig"; path = "Pods/Target Support Files/Pods-BeNiMeiUITests/Pods-BeNiMeiUITests.release.xcconfig"; sourceTree = "<group>"; };
		537B78791E3252339A4BA031 /* Pods-BeNiMei.debug.xcconfig */ = {isa = PBXFileReference; includeInIndex = 1; lastKnownFileType = text.xcconfig; name = "Pods-BeNiMei.debug.xcconfig"; path = "Pods/Target Support Files/Pods-BeNiMei/Pods-BeNiMei.debug.xcconfig"; sourceTree = "<group>"; };
		63EC6E84D7ACA13357FBB0C7 /* Pods-BeNiMeiTests.adhoc.xcconfig */ = {isa = PBXFileReference; includeInIndex = 1; lastKnownFileType = text.xcconfig; name = "Pods-BeNiMeiTests.adhoc.xcconfig"; path = "Pods/Target Support Files/Pods-BeNiMeiTests/Pods-BeNiMeiTests.adhoc.xcconfig"; sourceTree = "<group>"; };
		663FC0CC222E68A20065A771 /* GoogleService-Info.plist */ = {isa = PBXFileReference; fileEncoding = 4; lastKnownFileType = text.plist.xml; name = "GoogleService-Info.plist"; path = "../../../Downloads/GoogleService-Info.plist"; sourceTree = "<group>"; };
		66EF55C4222E607B00ADE79D /* Charts.xcodeproj */ = {isa = PBXFileReference; lastKnownFileType = "wrapper.pb-project"; name = Charts.xcodeproj; path = "../../../Downloads/Charts-master/Charts.xcodeproj"; sourceTree = "<group>"; };
		7465BE7CEA295D03383CDF4A /* libPods-BeNiMeiUITests.a */ = {isa = PBXFileReference; explicitFileType = archive.ar; includeInIndex = 0; path = "libPods-BeNiMeiUITests.a"; sourceTree = BUILT_PRODUCTS_DIR; };
		7E92B3D52316BCC7617C7DD6 /* Pods-BeNiMeiUITests.adhoc.xcconfig */ = {isa = PBXFileReference; includeInIndex = 1; lastKnownFileType = text.xcconfig; name = "Pods-BeNiMeiUITests.adhoc.xcconfig"; path = "Pods/Target Support Files/Pods-BeNiMeiUITests/Pods-BeNiMeiUITests.adhoc.xcconfig"; sourceTree = "<group>"; };
		A0298AB0B249D64D43293B88 /* libPods-BeNiMei.a */ = {isa = PBXFileReference; explicitFileType = archive.ar; includeInIndex = 0; path = "libPods-BeNiMei.a"; sourceTree = BUILT_PRODUCTS_DIR; };
		AB0FE70521F06517006EA2B4 /* HistoryViewController.swift */ = {isa = PBXFileReference; lastKnownFileType = sourcecode.swift; path = HistoryViewController.swift; sourceTree = "<group>"; };
		AB0FE70721F07648006EA2B4 /* CustomHistoryTableViewCell.swift */ = {isa = PBXFileReference; lastKnownFileType = sourcecode.swift; path = CustomHistoryTableViewCell.swift; sourceTree = "<group>"; };
		AB34234721E843EF00412BF4 /* CheckService.swift */ = {isa = PBXFileReference; lastKnownFileType = sourcecode.swift; path = CheckService.swift; sourceTree = "<group>"; };
		AB47F24D222840C500BA2946 /* SignUpViewController.swift */ = {isa = PBXFileReference; lastKnownFileType = sourcecode.swift; path = SignUpViewController.swift; sourceTree = "<group>"; };
		AB47F24F22284B8800BA2946 /* LogInViewController.swift */ = {isa = PBXFileReference; lastKnownFileType = sourcecode.swift; path = LogInViewController.swift; sourceTree = "<group>"; };
		AB4A352F21FB0467001A75E8 /* AddItemViewController.swift */ = {isa = PBXFileReference; lastKnownFileType = sourcecode.swift; path = AddItemViewController.swift; sourceTree = "<group>"; };
		AB512D7121EF9348000EEC3C /* CustomCheckTableViewCell.swift */ = {isa = PBXFileReference; lastKnownFileType = sourcecode.swift; path = CustomCheckTableViewCell.swift; sourceTree = "<group>"; };
		AB5F69A021F8AC6300B1DBBD /* ServiceCollectionViewCell.swift */ = {isa = PBXFileReference; lastKnownFileType = sourcecode.swift; path = ServiceCollectionViewCell.swift; sourceTree = "<group>"; };
		ABA9446921E794A200E80706 /* CustomerInfo.swift */ = {isa = PBXFileReference; lastKnownFileType = sourcecode.swift; path = CustomerInfo.swift; sourceTree = "<group>"; };
		ABB6A0E321FC6C6600EBC572 /* EditItemViewController.swift */ = {isa = PBXFileReference; lastKnownFileType = sourcecode.swift; path = EditItemViewController.swift; sourceTree = "<group>"; };
		ABB6A0E721FC86E800EBC572 /* EditItemTableViewCell.swift */ = {isa = PBXFileReference; lastKnownFileType = sourcecode.swift; path = EditItemTableViewCell.swift; sourceTree = "<group>"; };
		ABC8896E2226FCF100A1D5E9 /* SatisfactionTableViewCell.swift */ = {isa = PBXFileReference; lastKnownFileType = sourcecode.swift; path = SatisfactionTableViewCell.swift; sourceTree = "<group>"; };
		ABC889702226FD4100A1D5E9 /* SatisfactionViewController.swift */ = {isa = PBXFileReference; lastKnownFileType = sourcecode.swift; path = SatisfactionViewController.swift; sourceTree = "<group>"; };
		ABECE1E221E135440011AB1D /* BeNiMei.app */ = {isa = PBXFileReference; explicitFileType = wrapper.application; includeInIndex = 0; path = BeNiMei.app; sourceTree = BUILT_PRODUCTS_DIR; };
		ABECE1E521E135440011AB1D /* AppDelegate.swift */ = {isa = PBXFileReference; lastKnownFileType = sourcecode.swift; path = AppDelegate.swift; sourceTree = "<group>"; };
		ABECE1E721E135440011AB1D /* FirstViewController.swift */ = {isa = PBXFileReference; lastKnownFileType = sourcecode.swift; path = FirstViewController.swift; sourceTree = "<group>"; };
		ABECE1E921E135440011AB1D /* SecondViewController.swift */ = {isa = PBXFileReference; lastKnownFileType = sourcecode.swift; path = SecondViewController.swift; sourceTree = "<group>"; };
		ABECE1EC21E135440011AB1D /* Base */ = {isa = PBXFileReference; lastKnownFileType = file.storyboard; name = Base; path = Base.lproj/Main.storyboard; sourceTree = "<group>"; };
		ABECE1EE21E135450011AB1D /* Assets.xcassets */ = {isa = PBXFileReference; lastKnownFileType = folder.assetcatalog; path = Assets.xcassets; sourceTree = "<group>"; };
		ABECE1F121E135450011AB1D /* Base */ = {isa = PBXFileReference; lastKnownFileType = file.storyboard; name = Base; path = Base.lproj/LaunchScreen.storyboard; sourceTree = "<group>"; };
		ABECE1F321E135450011AB1D /* Info.plist */ = {isa = PBXFileReference; lastKnownFileType = text.plist.xml; path = Info.plist; sourceTree = "<group>"; };
		ABECE1F821E135450011AB1D /* BeNiMeiTests.xctest */ = {isa = PBXFileReference; explicitFileType = wrapper.cfbundle; includeInIndex = 0; path = BeNiMeiTests.xctest; sourceTree = BUILT_PRODUCTS_DIR; };
		ABECE1FC21E135450011AB1D /* BeNiMeiTests.swift */ = {isa = PBXFileReference; lastKnownFileType = sourcecode.swift; path = BeNiMeiTests.swift; sourceTree = "<group>"; };
		ABECE1FE21E135450011AB1D /* Info.plist */ = {isa = PBXFileReference; lastKnownFileType = text.plist.xml; path = Info.plist; sourceTree = "<group>"; };
		ABECE20321E135450011AB1D /* BeNiMeiUITests.xctest */ = {isa = PBXFileReference; explicitFileType = wrapper.cfbundle; includeInIndex = 0; path = BeNiMeiUITests.xctest; sourceTree = BUILT_PRODUCTS_DIR; };
		ABECE20721E135450011AB1D /* BeNiMeiUITests.swift */ = {isa = PBXFileReference; lastKnownFileType = sourcecode.swift; path = BeNiMeiUITests.swift; sourceTree = "<group>"; };
		ABECE20921E135450011AB1D /* Info.plist */ = {isa = PBXFileReference; lastKnownFileType = text.plist.xml; path = Info.plist; sourceTree = "<group>"; };
		ABEEFB912226AD2E00EF8A01 /* StatisticsViewController.swift */ = {isa = PBXFileReference; lastKnownFileType = sourcecode.swift; path = StatisticsViewController.swift; sourceTree = "<group>"; };
		ABF37C8C2224FD8F006B91AA /* AddPerchaseCollectionViewCell.swift */ = {isa = PBXFileReference; lastKnownFileType = sourcecode.swift; path = AddPerchaseCollectionViewCell.swift; sourceTree = "<group>"; };
		C0FAAF506DF15FB6A66DFEC0 /* Pods-BeNiMeiTests.debug.xcconfig */ = {isa = PBXFileReference; includeInIndex = 1; lastKnownFileType = text.xcconfig; name = "Pods-BeNiMeiTests.debug.xcconfig"; path = "Pods/Target Support Files/Pods-BeNiMeiTests/Pods-BeNiMeiTests.debug.xcconfig"; sourceTree = "<group>"; };
		D7AB5BE9DAC93715AA633252 /* Pods-BeNiMeiUITests.debug.xcconfig */ = {isa = PBXFileReference; includeInIndex = 1; lastKnownFileType = text.xcconfig; name = "Pods-BeNiMeiUITests.debug.xcconfig"; path = "Pods/Target Support Files/Pods-BeNiMeiUITests/Pods-BeNiMeiUITests.debug.xcconfig"; sourceTree = "<group>"; };
		DB7382D1501509D61E7365F1 /* libPods-BeNiMeiTests.a */ = {isa = PBXFileReference; explicitFileType = archive.ar; includeInIndex = 0; path = "libPods-BeNiMeiTests.a"; sourceTree = BUILT_PRODUCTS_DIR; };
		DFE5CD3A593776009568EF89 /* Pods-BeNiMei.release.xcconfig */ = {isa = PBXFileReference; includeInIndex = 1; lastKnownFileType = text.xcconfig; name = "Pods-BeNiMei.release.xcconfig"; path = "Pods/Target Support Files/Pods-BeNiMei/Pods-BeNiMei.release.xcconfig"; sourceTree = "<group>"; };
		FB7683AD854F5A2ACDD84571 /* Pods-BeNiMei.adhoc.xcconfig */ = {isa = PBXFileReference; includeInIndex = 1; lastKnownFileType = text.xcconfig; name = "Pods-BeNiMei.adhoc.xcconfig"; path = "Pods/Target Support Files/Pods-BeNiMei/Pods-BeNiMei.adhoc.xcconfig"; sourceTree = "<group>"; };
/* End PBXFileReference section */

/* Begin PBXFrameworksBuildPhase section */
		ABECE1DF21E135440011AB1D /* Frameworks */ = {
			isa = PBXFrameworksBuildPhase;
			buildActionMask = 2147483647;
			files = (
				188A24FE22958B1700056730 /* libSwiftCSVExport.a in Frameworks */,
				D0D304A3C67FC256B898CF25 /* libPods-BeNiMei.a in Frameworks */,
			);
			runOnlyForDeploymentPostprocessing = 0;
		};
		ABECE1F521E135450011AB1D /* Frameworks */ = {
			isa = PBXFrameworksBuildPhase;
			buildActionMask = 2147483647;
			files = (
				615EB829B67D4D175620F2B0 /* libPods-BeNiMeiTests.a in Frameworks */,
			);
			runOnlyForDeploymentPostprocessing = 0;
		};
		ABECE20021E135450011AB1D /* Frameworks */ = {
			isa = PBXFrameworksBuildPhase;
			buildActionMask = 2147483647;
			files = (
				E05D98A785D77F4EF701B7AB /* libPods-BeNiMeiUITests.a in Frameworks */,
			);
			runOnlyForDeploymentPostprocessing = 0;
		};
/* End PBXFrameworksBuildPhase section */

/* Begin PBXGroup section */
		0B4C321A0CF5C8A34A24364B /* Frameworks */ = {
			isa = PBXGroup;
			children = (
				188A24FD22958B1700056730 /* libSwiftCSVExport.a */,
				A0298AB0B249D64D43293B88 /* libPods-BeNiMei.a */,
				DB7382D1501509D61E7365F1 /* libPods-BeNiMeiTests.a */,
				7465BE7CEA295D03383CDF4A /* libPods-BeNiMeiUITests.a */,
			);
			name = Frameworks;
			sourceTree = "<group>";
		};
		66EF55C5222E607B00ADE79D /* Products */ = {
			isa = PBXGroup;
			children = (
				66EF55CA222E607C00ADE79D /* Charts.framework */,
				66EF55CC222E607C00ADE79D /* ChartsTests.xctest */,
			);
			name = Products;
			sourceTree = "<group>";
		};
		ABECE1D921E135440011AB1D = {
			isa = PBXGroup;
			children = (
				18B26B7E2230257C00406544 /* manifest.plist */,
				ABECE1E421E135440011AB1D /* BeNiMei */,
				ABECE1FB21E135450011AB1D /* BeNiMeiTests */,
				ABECE20621E135450011AB1D /* BeNiMeiUITests */,
				ABECE1E321E135440011AB1D /* Products */,
				C7138AA0480CDE0D7E7FD13C /* Pods */,
				0B4C321A0CF5C8A34A24364B /* Frameworks */,
			);
			sourceTree = "<group>";
		};
		ABECE1E321E135440011AB1D /* Products */ = {
			isa = PBXGroup;
			children = (
				ABECE1E221E135440011AB1D /* BeNiMei.app */,
				ABECE1F821E135450011AB1D /* BeNiMeiTests.xctest */,
				ABECE20321E135450011AB1D /* BeNiMeiUITests.xctest */,
			);
			name = Products;
			sourceTree = "<group>";
		};
		ABECE1E421E135440011AB1D /* BeNiMei */ = {
			isa = PBXGroup;
			children = (
				ABECE1EB21E135440011AB1D /* Main.storyboard */,
				ABECE1EE21E135450011AB1D /* Assets.xcassets */,
				ABECE1F021E135450011AB1D /* LaunchScreen.storyboard */,
				ABECE1E521E135440011AB1D /* AppDelegate.swift */,
				ABECE1E721E135440011AB1D /* FirstViewController.swift */,
				ABECE1E921E135440011AB1D /* SecondViewController.swift */,
				ABB6A0E321FC6C6600EBC572 /* EditItemViewController.swift */,
				AB4A352F21FB0467001A75E8 /* AddItemViewController.swift */,
				ABA9446921E794A200E80706 /* CustomerInfo.swift */,
				AB34234721E843EF00412BF4 /* CheckService.swift */,
				AB0FE70521F06517006EA2B4 /* HistoryViewController.swift */,
				18492692229A48BF00ED0D36 /* EditHistoryViewController.swift */,
				ABEEFB912226AD2E00EF8A01 /* StatisticsViewController.swift */,
				ABC889702226FD4100A1D5E9 /* SatisfactionViewController.swift */,
				18ED26DF225B447400025403 /* MyProfileViewController.swift */,
				18ED26E1225B4CFC00025403 /* EditViewController.swift */,
				AB47F24D222840C500BA2946 /* SignUpViewController.swift */,
				AB47F24F22284B8800BA2946 /* LogInViewController.swift */,
				ABF37C8C2224FD8F006B91AA /* AddPerchaseCollectionViewCell.swift */,
				ABECE1F321E135450011AB1D /* Info.plist */,
				663FC0CC222E68A20065A771 /* GoogleService-Info.plist */,
				66EF55C4222E607B00ADE79D /* Charts.xcodeproj */,
				ABB6A0E721FC86E800EBC572 /* EditItemTableViewCell.swift */,
				AB512D7121EF9348000EEC3C /* CustomCheckTableViewCell.swift */,
				AB0FE70721F07648006EA2B4 /* CustomHistoryTableViewCell.swift */,
				AB5F69A021F8AC6300B1DBBD /* ServiceCollectionViewCell.swift */,
				ABC8896E2226FCF100A1D5E9 /* SatisfactionTableViewCell.swift */,
			);
			path = BeNiMei;
			sourceTree = "<group>";
		};
		ABECE1FB21E135450011AB1D /* BeNiMeiTests */ = {
			isa = PBXGroup;
			children = (
				ABECE1FC21E135450011AB1D /* BeNiMeiTests.swift */,
				ABECE1FE21E135450011AB1D /* Info.plist */,
			);
			path = BeNiMeiTests;
			sourceTree = "<group>";
		};
		ABECE20621E135450011AB1D /* BeNiMeiUITests */ = {
			isa = PBXGroup;
			children = (
				ABECE20721E135450011AB1D /* BeNiMeiUITests.swift */,
				ABECE20921E135450011AB1D /* Info.plist */,
			);
			path = BeNiMeiUITests;
			sourceTree = "<group>";
		};
		C7138AA0480CDE0D7E7FD13C /* Pods */ = {
			isa = PBXGroup;
			children = (
				537B78791E3252339A4BA031 /* Pods-BeNiMei.debug.xcconfig */,
				DFE5CD3A593776009568EF89 /* Pods-BeNiMei.release.xcconfig */,
				C0FAAF506DF15FB6A66DFEC0 /* Pods-BeNiMeiTests.debug.xcconfig */,
				079B06393EEA9E726706059B /* Pods-BeNiMeiTests.release.xcconfig */,
				D7AB5BE9DAC93715AA633252 /* Pods-BeNiMeiUITests.debug.xcconfig */,
				2A6DA26345289D3B46ECB3C6 /* Pods-BeNiMeiUITests.release.xcconfig */,
				FB7683AD854F5A2ACDD84571 /* Pods-BeNiMei.adhoc.xcconfig */,
				63EC6E84D7ACA13357FBB0C7 /* Pods-BeNiMeiTests.adhoc.xcconfig */,
				7E92B3D52316BCC7617C7DD6 /* Pods-BeNiMeiUITests.adhoc.xcconfig */,
			);
			name = Pods;
			sourceTree = "<group>";
		};
/* End PBXGroup section */

/* Begin PBXNativeTarget section */
		ABECE1E121E135440011AB1D /* BeNiMei */ = {
			isa = PBXNativeTarget;
			buildConfigurationList = ABECE20C21E135450011AB1D /* Build configuration list for PBXNativeTarget "BeNiMei" */;
			buildPhases = (
				CAA15253C9ED668774030E5D /* [CP] Check Pods Manifest.lock */,
				ABECE1DE21E135440011AB1D /* Sources */,
				ABECE1DF21E135440011AB1D /* Frameworks */,
				ABECE1E021E135440011AB1D /* Resources */,
			);
			buildRules = (
			);
			dependencies = (
			);
			name = BeNiMei;
			productName = BeNiMei;
			productReference = ABECE1E221E135440011AB1D /* BeNiMei.app */;
			productType = "com.apple.product-type.application";
		};
		ABECE1F721E135450011AB1D /* BeNiMeiTests */ = {
			isa = PBXNativeTarget;
			buildConfigurationList = ABECE20F21E135450011AB1D /* Build configuration list for PBXNativeTarget "BeNiMeiTests" */;
			buildPhases = (
				A09232CB51E07E32AD03F96F /* [CP] Check Pods Manifest.lock */,
				ABECE1F421E135450011AB1D /* Sources */,
				ABECE1F521E135450011AB1D /* Frameworks */,
				ABECE1F621E135450011AB1D /* Resources */,
			);
			buildRules = (
			);
			dependencies = (
				ABECE1FA21E135450011AB1D /* PBXTargetDependency */,
			);
			name = BeNiMeiTests;
			productName = BeNiMeiTests;
			productReference = ABECE1F821E135450011AB1D /* BeNiMeiTests.xctest */;
			productType = "com.apple.product-type.bundle.unit-test";
		};
		ABECE20221E135450011AB1D /* BeNiMeiUITests */ = {
			isa = PBXNativeTarget;
			buildConfigurationList = ABECE21221E135450011AB1D /* Build configuration list for PBXNativeTarget "BeNiMeiUITests" */;
			buildPhases = (
				3363C1DF4CF2A710F356EBC4 /* [CP] Check Pods Manifest.lock */,
				ABECE1FF21E135450011AB1D /* Sources */,
				ABECE20021E135450011AB1D /* Frameworks */,
				ABECE20121E135450011AB1D /* Resources */,
			);
			buildRules = (
			);
			dependencies = (
				ABECE20521E135450011AB1D /* PBXTargetDependency */,
			);
			name = BeNiMeiUITests;
			productName = BeNiMeiUITests;
			productReference = ABECE20321E135450011AB1D /* BeNiMeiUITests.xctest */;
			productType = "com.apple.product-type.bundle.ui-testing";
		};
/* End PBXNativeTarget section */

/* Begin PBXProject section */
		ABECE1DA21E135440011AB1D /* Project object */ = {
			isa = PBXProject;
			attributes = {
				LastSwiftUpdateCheck = 1010;
				LastUpgradeCheck = 1010;
				ORGANIZATIONNAME = Levi;
				TargetAttributes = {
					ABECE1E121E135440011AB1D = {
						CreatedOnToolsVersion = 10.1;
					};
					ABECE1F721E135450011AB1D = {
						CreatedOnToolsVersion = 10.1;
						TestTargetID = ABECE1E121E135440011AB1D;
					};
					ABECE20221E135450011AB1D = {
						CreatedOnToolsVersion = 10.1;
						TestTargetID = ABECE1E121E135440011AB1D;
					};
				};
			};
			buildConfigurationList = ABECE1DD21E135440011AB1D /* Build configuration list for PBXProject "BeNiMei" */;
			compatibilityVersion = "Xcode 9.3";
			developmentRegion = en;
			hasScannedForEncodings = 0;
			knownRegions = (
				en,
				Base,
			);
			mainGroup = ABECE1D921E135440011AB1D;
			productRefGroup = ABECE1E321E135440011AB1D /* Products */;
			projectDirPath = "";
			projectReferences = (
				{
					ProductGroup = 66EF55C5222E607B00ADE79D /* Products */;
					ProjectRef = 66EF55C4222E607B00ADE79D /* Charts.xcodeproj */;
				},
			);
			projectRoot = "";
			targets = (
				ABECE1E121E135440011AB1D /* BeNiMei */,
				ABECE1F721E135450011AB1D /* BeNiMeiTests */,
				ABECE20221E135450011AB1D /* BeNiMeiUITests */,
			);
		};
/* End PBXProject section */

/* Begin PBXReferenceProxy section */
		66EF55CA222E607C00ADE79D /* Charts.framework */ = {
			isa = PBXReferenceProxy;
			fileType = wrapper.framework;
			path = Charts.framework;
			remoteRef = 66EF55C9222E607C00ADE79D /* PBXContainerItemProxy */;
			sourceTree = BUILT_PRODUCTS_DIR;
		};
		66EF55CC222E607C00ADE79D /* ChartsTests.xctest */ = {
			isa = PBXReferenceProxy;
			fileType = wrapper.cfbundle;
			path = ChartsTests.xctest;
			remoteRef = 66EF55CB222E607C00ADE79D /* PBXContainerItemProxy */;
			sourceTree = BUILT_PRODUCTS_DIR;
		};
/* End PBXReferenceProxy section */

/* Begin PBXResourcesBuildPhase section */
		ABECE1E021E135440011AB1D /* Resources */ = {
			isa = PBXResourcesBuildPhase;
			buildActionMask = 2147483647;
			files = (
				ABECE1F221E135450011AB1D /* LaunchScreen.storyboard in Resources */,
				663FC0CF222E68A20065A771 /* GoogleService-Info.plist in Resources */,
				ABECE1EF21E135450011AB1D /* Assets.xcassets in Resources */,
				ABECE1ED21E135440011AB1D /* Main.storyboard in Resources */,
			);
			runOnlyForDeploymentPostprocessing = 0;
		};
		ABECE1F621E135450011AB1D /* Resources */ = {
			isa = PBXResourcesBuildPhase;
			buildActionMask = 2147483647;
			files = (
			);
			runOnlyForDeploymentPostprocessing = 0;
		};
		ABECE20121E135450011AB1D /* Resources */ = {
			isa = PBXResourcesBuildPhase;
			buildActionMask = 2147483647;
			files = (
			);
			runOnlyForDeploymentPostprocessing = 0;
		};
/* End PBXResourcesBuildPhase section */

/* Begin PBXShellScriptBuildPhase section */
		3363C1DF4CF2A710F356EBC4 /* [CP] Check Pods Manifest.lock */ = {
			isa = PBXShellScriptBuildPhase;
			buildActionMask = 2147483647;
			files = (
			);
			inputPaths = (
				"${PODS_PODFILE_DIR_PATH}/Podfile.lock",
				"${PODS_ROOT}/Manifest.lock",
			);
			name = "[CP] Check Pods Manifest.lock";
			outputPaths = (
				"$(DERIVED_FILE_DIR)/Pods-BeNiMeiUITests-checkManifestLockResult.txt",
			);
			runOnlyForDeploymentPostprocessing = 0;
			shellPath = /bin/sh;
			shellScript = "diff \"${PODS_PODFILE_DIR_PATH}/Podfile.lock\" \"${PODS_ROOT}/Manifest.lock\" > /dev/null\nif [ $? != 0 ] ; then\n    # print error to STDERR\n    echo \"error: The sandbox is not in sync with the Podfile.lock. Run 'pod install' or update your CocoaPods installation.\" >&2\n    exit 1\nfi\n# This output is used by Xcode 'outputs' to avoid re-running this script phase.\necho \"SUCCESS\" > \"${SCRIPT_OUTPUT_FILE_0}\"\n";
			showEnvVarsInLog = 0;
		};
		A09232CB51E07E32AD03F96F /* [CP] Check Pods Manifest.lock */ = {
			isa = PBXShellScriptBuildPhase;
			buildActionMask = 2147483647;
			files = (
			);
			inputPaths = (
				"${PODS_PODFILE_DIR_PATH}/Podfile.lock",
				"${PODS_ROOT}/Manifest.lock",
			);
			name = "[CP] Check Pods Manifest.lock";
			outputPaths = (
				"$(DERIVED_FILE_DIR)/Pods-BeNiMeiTests-checkManifestLockResult.txt",
			);
			runOnlyForDeploymentPostprocessing = 0;
			shellPath = /bin/sh;
			shellScript = "diff \"${PODS_PODFILE_DIR_PATH}/Podfile.lock\" \"${PODS_ROOT}/Manifest.lock\" > /dev/null\nif [ $? != 0 ] ; then\n    # print error to STDERR\n    echo \"error: The sandbox is not in sync with the Podfile.lock. Run 'pod install' or update your CocoaPods installation.\" >&2\n    exit 1\nfi\n# This output is used by Xcode 'outputs' to avoid re-running this script phase.\necho \"SUCCESS\" > \"${SCRIPT_OUTPUT_FILE_0}\"\n";
			showEnvVarsInLog = 0;
		};
		CAA15253C9ED668774030E5D /* [CP] Check Pods Manifest.lock */ = {
			isa = PBXShellScriptBuildPhase;
			buildActionMask = 2147483647;
			files = (
			);
			inputPaths = (
				"${PODS_PODFILE_DIR_PATH}/Podfile.lock",
				"${PODS_ROOT}/Manifest.lock",
			);
			name = "[CP] Check Pods Manifest.lock";
			outputPaths = (
				"$(DERIVED_FILE_DIR)/Pods-BeNiMei-checkManifestLockResult.txt",
			);
			runOnlyForDeploymentPostprocessing = 0;
			shellPath = /bin/sh;
			shellScript = "diff \"${PODS_PODFILE_DIR_PATH}/Podfile.lock\" \"${PODS_ROOT}/Manifest.lock\" > /dev/null\nif [ $? != 0 ] ; then\n    # print error to STDERR\n    echo \"error: The sandbox is not in sync with the Podfile.lock. Run 'pod install' or update your CocoaPods installation.\" >&2\n    exit 1\nfi\n# This output is used by Xcode 'outputs' to avoid re-running this script phase.\necho \"SUCCESS\" > \"${SCRIPT_OUTPUT_FILE_0}\"\n";
			showEnvVarsInLog = 0;
		};
/* End PBXShellScriptBuildPhase section */

/* Begin PBXSourcesBuildPhase section */
		ABECE1DE21E135440011AB1D /* Sources */ = {
			isa = PBXSourcesBuildPhase;
			buildActionMask = 2147483647;
			files = (
				18ED26E2225B4CFC00025403 /* EditViewController.swift in Sources */,
				ABC889712226FD4100A1D5E9 /* SatisfactionViewController.swift in Sources */,
				AB5F69A121F8AC6300B1DBBD /* ServiceCollectionViewCell.swift in Sources */,
				ABB6A0E421FC6C6600EBC572 /* EditItemViewController.swift in Sources */,
				ABEEFB922226AD2E00EF8A01 /* StatisticsViewController.swift in Sources */,
				ABECE1EA21E135440011AB1D /* SecondViewController.swift in Sources */,
				ABF37C8D2224FD8F006B91AA /* AddPerchaseCollectionViewCell.swift in Sources */,
				AB47F24E222840C500BA2946 /* SignUpViewController.swift in Sources */,
				AB47F25022284B8800BA2946 /* LogInViewController.swift in Sources */,
				AB512D7221EF9348000EEC3C /* CustomCheckTableViewCell.swift in Sources */,
				AB4A353021FB0467001A75E8 /* AddItemViewController.swift in Sources */,
				18492693229A48BF00ED0D36 /* EditHistoryViewController.swift in Sources */,
				AB34234821E843EF00412BF4 /* CheckService.swift in Sources */,
				ABECE1E621E135440011AB1D /* AppDelegate.swift in Sources */,
				18ED26E0225B447400025403 /* MyProfileViewController.swift in Sources */,
				AB0FE70621F06517006EA2B4 /* HistoryViewController.swift in Sources */,
				ABB6A0E821FC86E800EBC572 /* EditItemTableViewCell.swift in Sources */,
				ABECE1E821E135440011AB1D /* FirstViewController.swift in Sources */,
				ABC8896F2226FCF100A1D5E9 /* SatisfactionTableViewCell.swift in Sources */,
				AB0FE70821F07648006EA2B4 /* CustomHistoryTableViewCell.swift in Sources */,
				ABA9446A21E794A200E80706 /* CustomerInfo.swift in Sources */,
			);
			runOnlyForDeploymentPostprocessing = 0;
		};
		ABECE1F421E135450011AB1D /* Sources */ = {
			isa = PBXSourcesBuildPhase;
			buildActionMask = 2147483647;
			files = (
				ABECE1FD21E135450011AB1D /* BeNiMeiTests.swift in Sources */,
			);
			runOnlyForDeploymentPostprocessing = 0;
		};
		ABECE1FF21E135450011AB1D /* Sources */ = {
			isa = PBXSourcesBuildPhase;
			buildActionMask = 2147483647;
			files = (
				ABECE20821E135450011AB1D /* BeNiMeiUITests.swift in Sources */,
			);
			runOnlyForDeploymentPostprocessing = 0;
		};
/* End PBXSourcesBuildPhase section */

/* Begin PBXTargetDependency section */
		ABECE1FA21E135450011AB1D /* PBXTargetDependency */ = {
			isa = PBXTargetDependency;
			target = ABECE1E121E135440011AB1D /* BeNiMei */;
			targetProxy = ABECE1F921E135450011AB1D /* PBXContainerItemProxy */;
		};
		ABECE20521E135450011AB1D /* PBXTargetDependency */ = {
			isa = PBXTargetDependency;
			target = ABECE1E121E135440011AB1D /* BeNiMei */;
			targetProxy = ABECE20421E135450011AB1D /* PBXContainerItemProxy */;
		};
/* End PBXTargetDependency section */

/* Begin PBXVariantGroup section */
		ABECE1EB21E135440011AB1D /* Main.storyboard */ = {
			isa = PBXVariantGroup;
			children = (
				ABECE1EC21E135440011AB1D /* Base */,
			);
			name = Main.storyboard;
			sourceTree = "<group>";
		};
		ABECE1F021E135450011AB1D /* LaunchScreen.storyboard */ = {
			isa = PBXVariantGroup;
			children = (
				ABECE1F121E135450011AB1D /* Base */,
			);
			name = LaunchScreen.storyboard;
			sourceTree = "<group>";
		};
/* End PBXVariantGroup section */

/* Begin XCBuildConfiguration section */
		18B26B782230074900406544 /* AdHoc */ = {
			isa = XCBuildConfiguration;
			buildSettings = {
				ALWAYS_SEARCH_USER_PATHS = NO;
				CLANG_ANALYZER_NONNULL = YES;
				CLANG_ANALYZER_NUMBER_OBJECT_CONVERSION = YES_AGGRESSIVE;
				CLANG_CXX_LANGUAGE_STANDARD = "gnu++14";
				CLANG_CXX_LIBRARY = "libc++";
				CLANG_ENABLE_MODULES = YES;
				CLANG_ENABLE_OBJC_ARC = YES;
				CLANG_ENABLE_OBJC_WEAK = YES;
				CLANG_WARN_BLOCK_CAPTURE_AUTORELEASING = YES;
				CLANG_WARN_BOOL_CONVERSION = YES;
				CLANG_WARN_COMMA = YES;
				CLANG_WARN_CONSTANT_CONVERSION = YES;
				CLANG_WARN_DEPRECATED_OBJC_IMPLEMENTATIONS = YES;
				CLANG_WARN_DIRECT_OBJC_ISA_USAGE = YES_ERROR;
				CLANG_WARN_DOCUMENTATION_COMMENTS = YES;
				CLANG_WARN_EMPTY_BODY = YES;
				CLANG_WARN_ENUM_CONVERSION = YES;
				CLANG_WARN_INFINITE_RECURSION = YES;
				CLANG_WARN_INT_CONVERSION = YES;
				CLANG_WARN_NON_LITERAL_NULL_CONVERSION = YES;
				CLANG_WARN_OBJC_IMPLICIT_RETAIN_SELF = YES;
				CLANG_WARN_OBJC_LITERAL_CONVERSION = YES;
				CLANG_WARN_OBJC_ROOT_CLASS = YES_ERROR;
				CLANG_WARN_RANGE_LOOP_ANALYSIS = YES;
				CLANG_WARN_STRICT_PROTOTYPES = YES;
				CLANG_WARN_SUSPICIOUS_MOVE = YES;
				CLANG_WARN_UNGUARDED_AVAILABILITY = YES_AGGRESSIVE;
				CLANG_WARN_UNREACHABLE_CODE = YES;
				CLANG_WARN__DUPLICATE_METHOD_MATCH = YES;
				CODE_SIGN_IDENTITY = "iPhone Distribution: Ba Hua Xie (6C5DSTZF9S)";
				COPY_PHASE_STRIP = NO;
				DEBUG_INFORMATION_FORMAT = "dwarf-with-dsym";
				ENABLE_NS_ASSERTIONS = NO;
				ENABLE_STRICT_OBJC_MSGSEND = YES;
				GCC_C_LANGUAGE_STANDARD = gnu11;
				GCC_NO_COMMON_BLOCKS = YES;
				GCC_WARN_64_TO_32_BIT_CONVERSION = YES;
				GCC_WARN_ABOUT_RETURN_TYPE = YES_ERROR;
				GCC_WARN_UNDECLARED_SELECTOR = YES;
				GCC_WARN_UNINITIALIZED_AUTOS = YES_AGGRESSIVE;
				GCC_WARN_UNUSED_FUNCTION = YES;
				GCC_WARN_UNUSED_VARIABLE = YES;
				IPHONEOS_DEPLOYMENT_TARGET = 9.0;
				MTL_ENABLE_DEBUG_INFO = NO;
				MTL_FAST_MATH = YES;
				SDKROOT = iphoneos;
				SWIFT_COMPILATION_MODE = wholemodule;
				SWIFT_OPTIMIZATION_LEVEL = "-O";
				VALIDATE_PRODUCT = YES;
			};
			name = AdHoc;
		};
		18B26B792230074900406544 /* AdHoc */ = {
			isa = XCBuildConfiguration;
			baseConfigurationReference = FB7683AD854F5A2ACDD84571 /* Pods-BeNiMei.adhoc.xcconfig */;
			buildSettings = {
				ASSETCATALOG_COMPILER_APPICON_NAME = AppIcon;
				CODE_SIGN_IDENTITY = "iPhone Distribution: Ba Hua Xie (6C5DSTZF9S)";
				CODE_SIGN_STYLE = Manual;
				DEVELOPMENT_TEAM = 6C5DSTZF9S;
				INFOPLIST_FILE = BeNiMei/Info.plist;
				IPHONEOS_DEPLOYMENT_TARGET = 9.0;
				LD_RUNPATH_SEARCH_PATHS = (
					"$(inherited)",
					"@executable_path/Frameworks",
				);
				PRODUCT_BUNDLE_IDENTIFIER = SlashTeam.BeNiMei;
				PRODUCT_NAME = "$(TARGET_NAME)";
				PROVISIONING_PROFILE_SPECIFIER = BeNiMei_2owner_2tester;
				SWIFT_VERSION = 4.2;
				TARGETED_DEVICE_FAMILY = "1,2";
			};
			name = AdHoc;
		};
		18B26B7A2230074900406544 /* AdHoc */ = {
			isa = XCBuildConfiguration;
			baseConfigurationReference = 63EC6E84D7ACA13357FBB0C7 /* Pods-BeNiMeiTests.adhoc.xcconfig */;
			buildSettings = {
				ALWAYS_EMBED_SWIFT_STANDARD_LIBRARIES = YES;
				BUNDLE_LOADER = "$(TEST_HOST)";
				CODE_SIGN_STYLE = Automatic;
				INFOPLIST_FILE = BeNiMeiTests/Info.plist;
				LD_RUNPATH_SEARCH_PATHS = (
					"$(inherited)",
					"@executable_path/Frameworks",
					"@loader_path/Frameworks",
				);
				PRODUCT_BUNDLE_IDENTIFIER = SlashTeam.BeNiMeiTests;
				PRODUCT_NAME = "$(TARGET_NAME)";
				SWIFT_VERSION = 4.2;
				TARGETED_DEVICE_FAMILY = "1,2";
				TEST_HOST = "$(BUILT_PRODUCTS_DIR)/BeNiMei.app/BeNiMei";
			};
			name = AdHoc;
		};
		18B26B7B2230074900406544 /* AdHoc */ = {
			isa = XCBuildConfiguration;
			baseConfigurationReference = 7E92B3D52316BCC7617C7DD6 /* Pods-BeNiMeiUITests.adhoc.xcconfig */;
			buildSettings = {
				ALWAYS_EMBED_SWIFT_STANDARD_LIBRARIES = YES;
				CODE_SIGN_STYLE = Automatic;
				INFOPLIST_FILE = BeNiMeiUITests/Info.plist;
				LD_RUNPATH_SEARCH_PATHS = (
					"$(inherited)",
					"@executable_path/Frameworks",
					"@loader_path/Frameworks",
				);
				PRODUCT_BUNDLE_IDENTIFIER = SlashTeam.BeNiMeiUITests;
				PRODUCT_NAME = "$(TARGET_NAME)";
				SWIFT_VERSION = 4.2;
				TARGETED_DEVICE_FAMILY = "1,2";
				TEST_TARGET_NAME = BeNiMei;
			};
			name = AdHoc;
		};
		ABECE20A21E135450011AB1D /* Debug */ = {
			isa = XCBuildConfiguration;
			buildSettings = {
				ALWAYS_SEARCH_USER_PATHS = NO;
				CLANG_ANALYZER_NONNULL = YES;
				CLANG_ANALYZER_NUMBER_OBJECT_CONVERSION = YES_AGGRESSIVE;
				CLANG_CXX_LANGUAGE_STANDARD = "gnu++14";
				CLANG_CXX_LIBRARY = "libc++";
				CLANG_ENABLE_MODULES = YES;
				CLANG_ENABLE_OBJC_ARC = YES;
				CLANG_ENABLE_OBJC_WEAK = YES;
				CLANG_WARN_BLOCK_CAPTURE_AUTORELEASING = YES;
				CLANG_WARN_BOOL_CONVERSION = YES;
				CLANG_WARN_COMMA = YES;
				CLANG_WARN_CONSTANT_CONVERSION = YES;
				CLANG_WARN_DEPRECATED_OBJC_IMPLEMENTATIONS = YES;
				CLANG_WARN_DIRECT_OBJC_ISA_USAGE = YES_ERROR;
				CLANG_WARN_DOCUMENTATION_COMMENTS = YES;
				CLANG_WARN_EMPTY_BODY = YES;
				CLANG_WARN_ENUM_CONVERSION = YES;
				CLANG_WARN_INFINITE_RECURSION = YES;
				CLANG_WARN_INT_CONVERSION = YES;
				CLANG_WARN_NON_LITERAL_NULL_CONVERSION = YES;
				CLANG_WARN_OBJC_IMPLICIT_RETAIN_SELF = YES;
				CLANG_WARN_OBJC_LITERAL_CONVERSION = YES;
				CLANG_WARN_OBJC_ROOT_CLASS = YES_ERROR;
				CLANG_WARN_RANGE_LOOP_ANALYSIS = YES;
				CLANG_WARN_STRICT_PROTOTYPES = YES;
				CLANG_WARN_SUSPICIOUS_MOVE = YES;
				CLANG_WARN_UNGUARDED_AVAILABILITY = YES_AGGRESSIVE;
				CLANG_WARN_UNREACHABLE_CODE = YES;
				CLANG_WARN__DUPLICATE_METHOD_MATCH = YES;
				CODE_SIGN_IDENTITY = "iPhone Distribution: Ba Hua Xie (6C5DSTZF9S)";
				COPY_PHASE_STRIP = NO;
				DEBUG_INFORMATION_FORMAT = dwarf;
				ENABLE_STRICT_OBJC_MSGSEND = YES;
				ENABLE_TESTABILITY = YES;
				GCC_C_LANGUAGE_STANDARD = gnu11;
				GCC_DYNAMIC_NO_PIC = NO;
				GCC_NO_COMMON_BLOCKS = YES;
				GCC_OPTIMIZATION_LEVEL = 0;
				GCC_PREPROCESSOR_DEFINITIONS = (
					"DEBUG=1",
					"$(inherited)",
				);
				GCC_WARN_64_TO_32_BIT_CONVERSION = YES;
				GCC_WARN_ABOUT_RETURN_TYPE = YES_ERROR;
				GCC_WARN_UNDECLARED_SELECTOR = YES;
				GCC_WARN_UNINITIALIZED_AUTOS = YES_AGGRESSIVE;
				GCC_WARN_UNUSED_FUNCTION = YES;
				GCC_WARN_UNUSED_VARIABLE = YES;
				IPHONEOS_DEPLOYMENT_TARGET = 9.0;
				MTL_ENABLE_DEBUG_INFO = INCLUDE_SOURCE;
				MTL_FAST_MATH = YES;
				ONLY_ACTIVE_ARCH = YES;
				SDKROOT = iphoneos;
				SWIFT_ACTIVE_COMPILATION_CONDITIONS = DEBUG;
				SWIFT_OPTIMIZATION_LEVEL = "-Onone";
			};
			name = Debug;
		};
		ABECE20B21E135450011AB1D /* Release */ = {
			isa = XCBuildConfiguration;
			buildSettings = {
				ALWAYS_SEARCH_USER_PATHS = NO;
				CLANG_ANALYZER_NONNULL = YES;
				CLANG_ANALYZER_NUMBER_OBJECT_CONVERSION = YES_AGGRESSIVE;
				CLANG_CXX_LANGUAGE_STANDARD = "gnu++14";
				CLANG_CXX_LIBRARY = "libc++";
				CLANG_ENABLE_MODULES = YES;
				CLANG_ENABLE_OBJC_ARC = YES;
				CLANG_ENABLE_OBJC_WEAK = YES;
				CLANG_WARN_BLOCK_CAPTURE_AUTORELEASING = YES;
				CLANG_WARN_BOOL_CONVERSION = YES;
				CLANG_WARN_COMMA = YES;
				CLANG_WARN_CONSTANT_CONVERSION = YES;
				CLANG_WARN_DEPRECATED_OBJC_IMPLEMENTATIONS = YES;
				CLANG_WARN_DIRECT_OBJC_ISA_USAGE = YES_ERROR;
				CLANG_WARN_DOCUMENTATION_COMMENTS = YES;
				CLANG_WARN_EMPTY_BODY = YES;
				CLANG_WARN_ENUM_CONVERSION = YES;
				CLANG_WARN_INFINITE_RECURSION = YES;
				CLANG_WARN_INT_CONVERSION = YES;
				CLANG_WARN_NON_LITERAL_NULL_CONVERSION = YES;
				CLANG_WARN_OBJC_IMPLICIT_RETAIN_SELF = YES;
				CLANG_WARN_OBJC_LITERAL_CONVERSION = YES;
				CLANG_WARN_OBJC_ROOT_CLASS = YES_ERROR;
				CLANG_WARN_RANGE_LOOP_ANALYSIS = YES;
				CLANG_WARN_STRICT_PROTOTYPES = YES;
				CLANG_WARN_SUSPICIOUS_MOVE = YES;
				CLANG_WARN_UNGUARDED_AVAILABILITY = YES_AGGRESSIVE;
				CLANG_WARN_UNREACHABLE_CODE = YES;
				CLANG_WARN__DUPLICATE_METHOD_MATCH = YES;
				CODE_SIGN_IDENTITY = "iPhone Distribution: Ba Hua Xie (6C5DSTZF9S)";
				COPY_PHASE_STRIP = NO;
				DEBUG_INFORMATION_FORMAT = "dwarf-with-dsym";
				ENABLE_NS_ASSERTIONS = NO;
				ENABLE_STRICT_OBJC_MSGSEND = YES;
				GCC_C_LANGUAGE_STANDARD = gnu11;
				GCC_NO_COMMON_BLOCKS = YES;
				GCC_WARN_64_TO_32_BIT_CONVERSION = YES;
				GCC_WARN_ABOUT_RETURN_TYPE = YES_ERROR;
				GCC_WARN_UNDECLARED_SELECTOR = YES;
				GCC_WARN_UNINITIALIZED_AUTOS = YES_AGGRESSIVE;
				GCC_WARN_UNUSED_FUNCTION = YES;
				GCC_WARN_UNUSED_VARIABLE = YES;
				IPHONEOS_DEPLOYMENT_TARGET = 9.0;
				MTL_ENABLE_DEBUG_INFO = NO;
				MTL_FAST_MATH = YES;
				SDKROOT = iphoneos;
				SWIFT_COMPILATION_MODE = wholemodule;
				SWIFT_OPTIMIZATION_LEVEL = "-O";
				VALIDATE_PRODUCT = YES;
			};
			name = Release;
		};
		ABECE20D21E135450011AB1D /* Debug */ = {
			isa = XCBuildConfiguration;
			baseConfigurationReference = 537B78791E3252339A4BA031 /* Pods-BeNiMei.debug.xcconfig */;
			buildSettings = {
				ASSETCATALOG_COMPILER_APPICON_NAME = AppIcon;
				CODE_SIGN_IDENTITY = "iPhone Distribution: Ba Hua Xie (6C5DSTZF9S)";
				CODE_SIGN_STYLE = Manual;
				DEVELOPMENT_TEAM = 6C5DSTZF9S;
				INFOPLIST_FILE = BeNiMei/Info.plist;
				IPHONEOS_DEPLOYMENT_TARGET = 9.0;
				LD_RUNPATH_SEARCH_PATHS = (
					"$(inherited)",
					"@executable_path/Frameworks",
				);
				PRODUCT_BUNDLE_IDENTIFIER = SlashTeam.BeNiMei;
				PRODUCT_NAME = "$(TARGET_NAME)";
				PROVISIONING_PROFILE_SPECIFIER = BeNiMei_2owner_2tester;
				SWIFT_VERSION = 4.2;
				TARGETED_DEVICE_FAMILY = "1,2";
			};
			name = Debug;
		};
		ABECE20E21E135450011AB1D /* Release */ = {
			isa = XCBuildConfiguration;
			baseConfigurationReference = DFE5CD3A593776009568EF89 /* Pods-BeNiMei.release.xcconfig */;
			buildSettings = {
				ASSETCATALOG_COMPILER_APPICON_NAME = AppIcon;
				CODE_SIGN_IDENTITY = "iPhone Distribution: Ba Hua Xie (6C5DSTZF9S)";
				CODE_SIGN_STYLE = Manual;
				DEVELOPMENT_TEAM = 6C5DSTZF9S;
				INFOPLIST_FILE = BeNiMei/Info.plist;
				IPHONEOS_DEPLOYMENT_TARGET = 9.0;
				LD_RUNPATH_SEARCH_PATHS = (
					"$(inherited)",
					"@executable_path/Frameworks",
				);
				PRODUCT_BUNDLE_IDENTIFIER = SlashTeam.BeNiMei;
				PRODUCT_NAME = "$(TARGET_NAME)";
				PROVISIONING_PROFILE_SPECIFIER = BeNiMei_2owner_2tester;
				SWIFT_VERSION = 4.2;
				TARGETED_DEVICE_FAMILY = "1,2";
			};
			name = Release;
		};
		ABECE21021E135450011AB1D /* Debug */ = {
			isa = XCBuildConfiguration;
			baseConfigurationReference = C0FAAF506DF15FB6A66DFEC0 /* Pods-BeNiMeiTests.debug.xcconfig */;
			buildSettings = {
				ALWAYS_EMBED_SWIFT_STANDARD_LIBRARIES = YES;
				BUNDLE_LOADER = "$(TEST_HOST)";
				CODE_SIGN_STYLE = Automatic;
				INFOPLIST_FILE = BeNiMeiTests/Info.plist;
				LD_RUNPATH_SEARCH_PATHS = (
					"$(inherited)",
					"@executable_path/Frameworks",
					"@loader_path/Frameworks",
				);
				PRODUCT_BUNDLE_IDENTIFIER = SlashTeam.BeNiMeiTests;
				PRODUCT_NAME = "$(TARGET_NAME)";
				SWIFT_VERSION = 4.2;
				TARGETED_DEVICE_FAMILY = "1,2";
				TEST_HOST = "$(BUILT_PRODUCTS_DIR)/BeNiMei.app/BeNiMei";
			};
			name = Debug;
		};
		ABECE21121E135450011AB1D /* Release */ = {
			isa = XCBuildConfiguration;
			baseConfigurationReference = 079B06393EEA9E726706059B /* Pods-BeNiMeiTests.release.xcconfig */;
			buildSettings = {
				ALWAYS_EMBED_SWIFT_STANDARD_LIBRARIES = YES;
				BUNDLE_LOADER = "$(TEST_HOST)";
				CODE_SIGN_STYLE = Automatic;
				INFOPLIST_FILE = BeNiMeiTests/Info.plist;
				LD_RUNPATH_SEARCH_PATHS = (
					"$(inherited)",
					"@executable_path/Frameworks",
					"@loader_path/Frameworks",
				);
				PRODUCT_BUNDLE_IDENTIFIER = SlashTeam.BeNiMeiTests;
				PRODUCT_NAME = "$(TARGET_NAME)";
				SWIFT_VERSION = 4.2;
				TARGETED_DEVICE_FAMILY = "1,2";
				TEST_HOST = "$(BUILT_PRODUCTS_DIR)/BeNiMei.app/BeNiMei";
			};
			name = Release;
		};
		ABECE21321E135450011AB1D /* Debug */ = {
			isa = XCBuildConfiguration;
			baseConfigurationReference = D7AB5BE9DAC93715AA633252 /* Pods-BeNiMeiUITests.debug.xcconfig */;
			buildSettings = {
				ALWAYS_EMBED_SWIFT_STANDARD_LIBRARIES = YES;
				CODE_SIGN_STYLE = Automatic;
				INFOPLIST_FILE = BeNiMeiUITests/Info.plist;
				LD_RUNPATH_SEARCH_PATHS = (
					"$(inherited)",
					"@executable_path/Frameworks",
					"@loader_path/Frameworks",
				);
				PRODUCT_BUNDLE_IDENTIFIER = SlashTeam.BeNiMeiUITests;
				PRODUCT_NAME = "$(TARGET_NAME)";
				SWIFT_VERSION = 4.2;
				TARGETED_DEVICE_FAMILY = "1,2";
				TEST_TARGET_NAME = BeNiMei;
			};
			name = Debug;
		};
		ABECE21421E135450011AB1D /* Release */ = {
			isa = XCBuildConfiguration;
			baseConfigurationReference = 2A6DA26345289D3B46ECB3C6 /* Pods-BeNiMeiUITests.release.xcconfig */;
			buildSettings = {
				ALWAYS_EMBED_SWIFT_STANDARD_LIBRARIES = YES;
				CODE_SIGN_STYLE = Automatic;
				INFOPLIST_FILE = BeNiMeiUITests/Info.plist;
				LD_RUNPATH_SEARCH_PATHS = (
					"$(inherited)",
					"@executable_path/Frameworks",
					"@loader_path/Frameworks",
				);
				PRODUCT_BUNDLE_IDENTIFIER = SlashTeam.BeNiMeiUITests;
				PRODUCT_NAME = "$(TARGET_NAME)";
				SWIFT_VERSION = 4.2;
				TARGETED_DEVICE_FAMILY = "1,2";
				TEST_TARGET_NAME = BeNiMei;
			};
			name = Release;
		};
/* End XCBuildConfiguration section */

/* Begin XCConfigurationList section */
		ABECE1DD21E135440011AB1D /* Build configuration list for PBXProject "BeNiMei" */ = {
			isa = XCConfigurationList;
			buildConfigurations = (
				ABECE20A21E135450011AB1D /* Debug */,
				ABECE20B21E135450011AB1D /* Release */,
				18B26B782230074900406544 /* AdHoc */,
			);
			defaultConfigurationIsVisible = 0;
			defaultConfigurationName = Release;
		};
		ABECE20C21E135450011AB1D /* Build configuration list for PBXNativeTarget "BeNiMei" */ = {
			isa = XCConfigurationList;
			buildConfigurations = (
				ABECE20D21E135450011AB1D /* Debug */,
				ABECE20E21E135450011AB1D /* Release */,
				18B26B792230074900406544 /* AdHoc */,
			);
			defaultConfigurationIsVisible = 0;
			defaultConfigurationName = Release;
		};
		ABECE20F21E135450011AB1D /* Build configuration list for PBXNativeTarget "BeNiMeiTests" */ = {
			isa = XCConfigurationList;
			buildConfigurations = (
				ABECE21021E135450011AB1D /* Debug */,
				ABECE21121E135450011AB1D /* Release */,
				18B26B7A2230074900406544 /* AdHoc */,
			);
			defaultConfigurationIsVisible = 0;
			defaultConfigurationName = Release;
		};
		ABECE21221E135450011AB1D /* Build configuration list for PBXNativeTarget "BeNiMeiUITests" */ = {
			isa = XCConfigurationList;
			buildConfigurations = (
				ABECE21321E135450011AB1D /* Debug */,
				ABECE21421E135450011AB1D /* Release */,
				18B26B7B2230074900406544 /* AdHoc */,
			);
			defaultConfigurationIsVisible = 0;
			defaultConfigurationName = Release;
		};
/* End XCConfigurationList section */
	};
	rootObject = ABECE1DA21E135440011AB1D /* Project object */;
}
